// !$*UTF8*$!
{
	archiveVersion = 1;
	classes = {
	};
	objectVersion = 56;
	objects = {

/* Begin PBXBuildFile section */
		1A6FA2042D3814730072F7B3 /* AppDelegate.swift in Sources */ = {isa = PBXBuildFile; fileRef = 1A6FA2032D3814730072F7B3 /* AppDelegate.swift */; };
		1A6FA2062D3814730072F7B3 /* SceneDelegate.swift in Sources */ = {isa = PBXBuildFile; fileRef = 1A6FA2052D3814730072F7B3 /* SceneDelegate.swift */; };
		1A6FA2082D3814730072F7B3 /* ViewController.swift in Sources */ = {isa = PBXBuildFile; fileRef = 1A6FA2072D3814730072F7B3 /* ViewController.swift */; };
		1A6FA20D2D3814760072F7B3 /* Assets.xcassets in Resources */ = {isa = PBXBuildFile; fileRef = 1A6FA20C2D3814760072F7B3 /* Assets.xcassets */; };
		1A6FA2102D3814760072F7B3 /* LaunchScreen.storyboard in Resources */ = {isa = PBXBuildFile; fileRef = 1A6FA20E2D3814760072F7B3 /* LaunchScreen.storyboard */; };
		1A6FA21B2D3814770072F7B3 /* MovPartyTests.swift in Sources */ = {isa = PBXBuildFile; fileRef = 1A6FA21A2D3814770072F7B3 /* MovPartyTests.swift */; };
		1A6FA2372D38196A0072F7B3 /* ServiceProtocol.swift in Sources */ = {isa = PBXBuildFile; fileRef = 1A6FA2362D38196A0072F7B3 /* ServiceProtocol.swift */; };
		1A6FA2392D3819D30072F7B3 /* Service.swift in Sources */ = {isa = PBXBuildFile; fileRef = 1A6FA2382D3819D30072F7B3 /* Service.swift */; };
		1A6FA23B2D38349D0072F7B3 /* RequestMethod.swift in Sources */ = {isa = PBXBuildFile; fileRef = 1A6FA23A2D38349D0072F7B3 /* RequestMethod.swift */; };
		1A6FA23D2D3834BC0072F7B3 /* RequestEncoding.swift in Sources */ = {isa = PBXBuildFile; fileRef = 1A6FA23C2D3834BC0072F7B3 /* RequestEncoding.swift */; };
		1A6FA23F2D3834D70072F7B3 /* RequestProtocol.swift in Sources */ = {isa = PBXBuildFile; fileRef = 1A6FA23E2D3834D70072F7B3 /* RequestProtocol.swift */; };
		1A6FA2422D3836180072F7B3 /* MPError.swift in Sources */ = {isa = PBXBuildFile; fileRef = 1A6FA2412D3836180072F7B3 /* MPError.swift */; };
		1A6FA2452D38373E0072F7B3 /* HomeService.swift in Sources */ = {isa = PBXBuildFile; fileRef = 1A6FA2442D38373E0072F7B3 /* HomeService.swift */; };
		1A6FA2472D3837490072F7B3 /* HomeViewModel.swift in Sources */ = {isa = PBXBuildFile; fileRef = 1A6FA2462D3837490072F7B3 /* HomeViewModel.swift */; };
		1A6FA2492D38376B0072F7B3 /* HomeViewController.swift in Sources */ = {isa = PBXBuildFile; fileRef = 1A6FA2482D38376B0072F7B3 /* HomeViewController.swift */; };
		1A6FA24B2D385EC10072F7B3 /* RequestBuilderProtocol.swift in Sources */ = {isa = PBXBuildFile; fileRef = 1A6FA24A2D385EC10072F7B3 /* RequestBuilderProtocol.swift */; };
		1A6FA24D2D385EE10072F7B3 /* RequestBuilder.swift in Sources */ = {isa = PBXBuildFile; fileRef = 1A6FA24C2D385EE10072F7B3 /* RequestBuilder.swift */; };
		1A6FA2512D3869F70072F7B3 /* RequestBuilderTests.swift in Sources */ = {isa = PBXBuildFile; fileRef = 1A6FA2502D3869F70072F7B3 /* RequestBuilderTests.swift */; };
		1A6FA2562D3960E20072F7B3 /* JSONEncoderSpy.swift in Sources */ = {isa = PBXBuildFile; fileRef = 1A6FA2552D3960E20072F7B3 /* JSONEncoderSpy.swift */; };
/* End PBXBuildFile section */

/* Begin PBXContainerItemProxy section */
		1A6FA2172D3814770072F7B3 /* PBXContainerItemProxy */ = {
			isa = PBXContainerItemProxy;
			containerPortal = 1A6FA1F82D3814730072F7B3 /* Project object */;
			proxyType = 1;
			remoteGlobalIDString = 1A6FA1FF2D3814730072F7B3;
			remoteInfo = MovParty;
		};
		1A6FA2212D3814770072F7B3 /* PBXContainerItemProxy */ = {
			isa = PBXContainerItemProxy;
			containerPortal = 1A6FA1F82D3814730072F7B3 /* Project object */;
			proxyType = 1;
			remoteGlobalIDString = 1A6FA1FF2D3814730072F7B3;
			remoteInfo = MovParty;
		};
/* End PBXContainerItemProxy section */

/* Begin PBXFileReference section */
		1A6FA2002D3814730072F7B3 /* MovParty.app */ = {isa = PBXFileReference; explicitFileType = wrapper.application; includeInIndex = 0; path = MovParty.app; sourceTree = BUILT_PRODUCTS_DIR; };
		1A6FA2032D3814730072F7B3 /* AppDelegate.swift */ = {isa = PBXFileReference; lastKnownFileType = sourcecode.swift; path = AppDelegate.swift; sourceTree = "<group>"; };
		1A6FA2052D3814730072F7B3 /* SceneDelegate.swift */ = {isa = PBXFileReference; lastKnownFileType = sourcecode.swift; path = SceneDelegate.swift; sourceTree = "<group>"; };
		1A6FA2072D3814730072F7B3 /* ViewController.swift */ = {isa = PBXFileReference; lastKnownFileType = sourcecode.swift; path = ViewController.swift; sourceTree = "<group>"; };
		1A6FA20C2D3814760072F7B3 /* Assets.xcassets */ = {isa = PBXFileReference; lastKnownFileType = folder.assetcatalog; path = Assets.xcassets; sourceTree = "<group>"; };
		1A6FA20F2D3814760072F7B3 /* Base */ = {isa = PBXFileReference; lastKnownFileType = file.storyboard; name = Base; path = Base.lproj/LaunchScreen.storyboard; sourceTree = "<group>"; };
		1A6FA2112D3814760072F7B3 /* Info.plist */ = {isa = PBXFileReference; lastKnownFileType = text.plist.xml; path = Info.plist; sourceTree = "<group>"; };
		1A6FA2162D3814770072F7B3 /* MovPartyTests.xctest */ = {isa = PBXFileReference; explicitFileType = wrapper.cfbundle; includeInIndex = 0; path = MovPartyTests.xctest; sourceTree = BUILT_PRODUCTS_DIR; };
		1A6FA21A2D3814770072F7B3 /* MovPartyTests.swift */ = {isa = PBXFileReference; lastKnownFileType = sourcecode.swift; path = MovPartyTests.swift; sourceTree = "<group>"; };
		1A6FA2202D3814770072F7B3 /* MovPartyUITests.xctest */ = {isa = PBXFileReference; explicitFileType = wrapper.cfbundle; includeInIndex = 0; path = MovPartyUITests.xctest; sourceTree = BUILT_PRODUCTS_DIR; };
		1A6FA2362D38196A0072F7B3 /* ServiceProtocol.swift */ = {isa = PBXFileReference; lastKnownFileType = sourcecode.swift; path = ServiceProtocol.swift; sourceTree = "<group>"; };
		1A6FA2382D3819D30072F7B3 /* Service.swift */ = {isa = PBXFileReference; lastKnownFileType = sourcecode.swift; path = Service.swift; sourceTree = "<group>"; };
		1A6FA23A2D38349D0072F7B3 /* RequestMethod.swift */ = {isa = PBXFileReference; lastKnownFileType = sourcecode.swift; path = RequestMethod.swift; sourceTree = "<group>"; };
		1A6FA23C2D3834BC0072F7B3 /* RequestEncoding.swift */ = {isa = PBXFileReference; lastKnownFileType = sourcecode.swift; path = RequestEncoding.swift; sourceTree = "<group>"; };
		1A6FA23E2D3834D70072F7B3 /* RequestProtocol.swift */ = {isa = PBXFileReference; lastKnownFileType = sourcecode.swift; path = RequestProtocol.swift; sourceTree = "<group>"; };
		1A6FA2412D3836180072F7B3 /* MPError.swift */ = {isa = PBXFileReference; lastKnownFileType = sourcecode.swift; path = MPError.swift; sourceTree = "<group>"; };
		1A6FA2442D38373E0072F7B3 /* HomeService.swift */ = {isa = PBXFileReference; lastKnownFileType = sourcecode.swift; path = HomeService.swift; sourceTree = "<group>"; };
		1A6FA2462D3837490072F7B3 /* HomeViewModel.swift */ = {isa = PBXFileReference; lastKnownFileType = sourcecode.swift; path = HomeViewModel.swift; sourceTree = "<group>"; };
		1A6FA2482D38376B0072F7B3 /* HomeViewController.swift */ = {isa = PBXFileReference; lastKnownFileType = sourcecode.swift; path = HomeViewController.swift; sourceTree = "<group>"; };
		1A6FA24A2D385EC10072F7B3 /* RequestBuilderProtocol.swift */ = {isa = PBXFileReference; lastKnownFileType = sourcecode.swift; path = RequestBuilderProtocol.swift; sourceTree = "<group>"; };
		1A6FA24C2D385EE10072F7B3 /* RequestBuilder.swift */ = {isa = PBXFileReference; lastKnownFileType = sourcecode.swift; path = RequestBuilder.swift; sourceTree = "<group>"; };
		1A6FA2502D3869F70072F7B3 /* RequestBuilderTests.swift */ = {isa = PBXFileReference; lastKnownFileType = sourcecode.swift; path = RequestBuilderTests.swift; sourceTree = "<group>"; };
		1A6FA2552D3960E20072F7B3 /* JSONEncoderSpy.swift */ = {isa = PBXFileReference; lastKnownFileType = sourcecode.swift; path = JSONEncoderSpy.swift; sourceTree = "<group>"; };
/* End PBXFileReference section */

/* Begin PBXFrameworksBuildPhase section */
		1A6FA1FD2D3814730072F7B3 /* Frameworks */ = {
			isa = PBXFrameworksBuildPhase;
			buildActionMask = 2147483647;
			files = (
			);
			runOnlyForDeploymentPostprocessing = 0;
		};
		1A6FA2132D3814770072F7B3 /* Frameworks */ = {
			isa = PBXFrameworksBuildPhase;
			buildActionMask = 2147483647;
			files = (
			);
			runOnlyForDeploymentPostprocessing = 0;
		};
		1A6FA21D2D3814770072F7B3 /* Frameworks */ = {
			isa = PBXFrameworksBuildPhase;
			buildActionMask = 2147483647;
			files = (
			);
			runOnlyForDeploymentPostprocessing = 0;
		};
/* End PBXFrameworksBuildPhase section */

/* Begin PBXGroup section */
		1A6FA1F72D3814730072F7B3 = {
			isa = PBXGroup;
			children = (
				1A6FA2022D3814730072F7B3 /* MovParty */,
				1A6FA2192D3814770072F7B3 /* MovPartyTests */,
				1A6FA2012D3814730072F7B3 /* Products */,
			);
			sourceTree = "<group>";
		};
		1A6FA2012D3814730072F7B3 /* Products */ = {
			isa = PBXGroup;
			children = (
				1A6FA2002D3814730072F7B3 /* MovParty.app */,
				1A6FA2162D3814770072F7B3 /* MovPartyTests.xctest */,
				1A6FA2202D3814770072F7B3 /* MovPartyUITests.xctest */,
			);
			name = Products;
			sourceTree = "<group>";
		};
		1A6FA2022D3814730072F7B3 /* MovParty */ = {
			isa = PBXGroup;
			children = (
				1A6FA2352D3818A90072F7B3 /* ServiceCore */,
				1A6FA2342D3818950072F7B3 /* Scenes */,
				1A6FA2332D3817F20072F7B3 /* Setup */,
				1A6FA20C2D3814760072F7B3 /* Assets.xcassets */,
				1A6FA20E2D3814760072F7B3 /* LaunchScreen.storyboard */,
			);
			path = MovParty;
			sourceTree = "<group>";
		};
		1A6FA2192D3814770072F7B3 /* MovPartyTests */ = {
			isa = PBXGroup;
			children = (
				1A6FA24F2D3869D30072F7B3 /* ServiceCore */,
				1A6FA21A2D3814770072F7B3 /* MovPartyTests.swift */,
			);
			path = MovPartyTests;
			sourceTree = "<group>";
		};
		1A6FA2332D3817F20072F7B3 /* Setup */ = {
			isa = PBXGroup;
			children = (
				1A6FA2112D3814760072F7B3 /* Info.plist */,
				1A6FA2032D3814730072F7B3 /* AppDelegate.swift */,
				1A6FA2052D3814730072F7B3 /* SceneDelegate.swift */,
			);
			path = Setup;
			sourceTree = "<group>";
		};
		1A6FA2342D3818950072F7B3 /* Scenes */ = {
			isa = PBXGroup;
			children = (
				1A6FA2432D3837230072F7B3 /* Home */,
				1A6FA2072D3814730072F7B3 /* ViewController.swift */,
			);
			path = Scenes;
			sourceTree = "<group>";
		};
		1A6FA2352D3818A90072F7B3 /* ServiceCore */ = {
			isa = PBXGroup;
			children = (
				1A6FA24E2D38675F0072F7B3 /* RequestProtocols */,
				1A6FA2402D3834DB0072F7B3 /* Request */,
				1A6FA2362D38196A0072F7B3 /* ServiceProtocol.swift */,
				1A6FA2382D3819D30072F7B3 /* Service.swift */,
				1A6FA2412D3836180072F7B3 /* MPError.swift */,
			);
			path = ServiceCore;
			sourceTree = "<group>";
		};
		1A6FA2402D3834DB0072F7B3 /* Request */ = {
			isa = PBXGroup;
			children = (
				1A6FA23A2D38349D0072F7B3 /* RequestMethod.swift */,
				1A6FA23C2D3834BC0072F7B3 /* RequestEncoding.swift */,
				1A6FA24C2D385EE10072F7B3 /* RequestBuilder.swift */,
			);
			path = Request;
			sourceTree = "<group>";
		};
		1A6FA2432D3837230072F7B3 /* Home */ = {
			isa = PBXGroup;
			children = (
				1A6FA2442D38373E0072F7B3 /* HomeService.swift */,
				1A6FA2462D3837490072F7B3 /* HomeViewModel.swift */,
				1A6FA2482D38376B0072F7B3 /* HomeViewController.swift */,
			);
			path = Home;
			sourceTree = "<group>";
		};
		1A6FA24E2D38675F0072F7B3 /* RequestProtocols */ = {
			isa = PBXGroup;
			children = (
				1A6FA24A2D385EC10072F7B3 /* RequestBuilderProtocol.swift */,
				1A6FA23E2D3834D70072F7B3 /* RequestProtocol.swift */,
			);
			path = RequestProtocols;
			sourceTree = "<group>";
		};
		1A6FA24F2D3869D30072F7B3 /* ServiceCore */ = {
			isa = PBXGroup;
			children = (
				1A6FA2522D386AE30072F7B3 /* Spies */,
				1A6FA2502D3869F70072F7B3 /* RequestBuilderTests.swift */,
			);
			path = ServiceCore;
			sourceTree = "<group>";
		};
		1A6FA2522D386AE30072F7B3 /* Spies */ = {
			isa = PBXGroup;
			children = (
				1A6FA2552D3960E20072F7B3 /* JSONEncoderSpy.swift */,
			);
			path = Spies;
			sourceTree = "<group>";
		};
/* End PBXGroup section */

/* Begin PBXNativeTarget section */
		1A6FA1FF2D3814730072F7B3 /* MovParty */ = {
			isa = PBXNativeTarget;
			buildConfigurationList = 1A6FA22A2D3814770072F7B3 /* Build configuration list for PBXNativeTarget "MovParty" */;
			buildPhases = (
				1A6FA1FC2D3814730072F7B3 /* Sources */,
				1A6FA1FD2D3814730072F7B3 /* Frameworks */,
				1A6FA1FE2D3814730072F7B3 /* Resources */,
			);
			buildRules = (
			);
			dependencies = (
			);
			name = MovParty;
			productName = MovParty;
			productReference = 1A6FA2002D3814730072F7B3 /* MovParty.app */;
			productType = "com.apple.product-type.application";
		};
		1A6FA2152D3814770072F7B3 /* MovPartyTests */ = {
			isa = PBXNativeTarget;
			buildConfigurationList = 1A6FA22D2D3814770072F7B3 /* Build configuration list for PBXNativeTarget "MovPartyTests" */;
			buildPhases = (
				1A6FA2122D3814770072F7B3 /* Sources */,
				1A6FA2132D3814770072F7B3 /* Frameworks */,
				1A6FA2142D3814770072F7B3 /* Resources */,
			);
			buildRules = (
			);
			dependencies = (
				1A6FA2182D3814770072F7B3 /* PBXTargetDependency */,
			);
			name = MovPartyTests;
			productName = MovPartyTests;
			productReference = 1A6FA2162D3814770072F7B3 /* MovPartyTests.xctest */;
			productType = "com.apple.product-type.bundle.unit-test";
		};
		1A6FA21F2D3814770072F7B3 /* MovPartyUITests */ = {
			isa = PBXNativeTarget;
			buildConfigurationList = 1A6FA2302D3814770072F7B3 /* Build configuration list for PBXNativeTarget "MovPartyUITests" */;
			buildPhases = (
				1A6FA21C2D3814770072F7B3 /* Sources */,
				1A6FA21D2D3814770072F7B3 /* Frameworks */,
				1A6FA21E2D3814770072F7B3 /* Resources */,
			);
			buildRules = (
			);
			dependencies = (
				1A6FA2222D3814770072F7B3 /* PBXTargetDependency */,
			);
			name = MovPartyUITests;
			productName = MovPartyUITests;
			productReference = 1A6FA2202D3814770072F7B3 /* MovPartyUITests.xctest */;
			productType = "com.apple.product-type.bundle.ui-testing";
		};
/* End PBXNativeTarget section */

/* Begin PBXProject section */
		1A6FA1F82D3814730072F7B3 /* Project object */ = {
			isa = PBXProject;
			attributes = {
				BuildIndependentTargetsInParallel = 1;
				LastSwiftUpdateCheck = 1520;
				LastUpgradeCheck = 1520;
				TargetAttributes = {
					1A6FA1FF2D3814730072F7B3 = {
						CreatedOnToolsVersion = 15.2;
					};
					1A6FA2152D3814770072F7B3 = {
						CreatedOnToolsVersion = 15.2;
						TestTargetID = 1A6FA1FF2D3814730072F7B3;
					};
					1A6FA21F2D3814770072F7B3 = {
						CreatedOnToolsVersion = 15.2;
						TestTargetID = 1A6FA1FF2D3814730072F7B3;
					};
				};
			};
			buildConfigurationList = 1A6FA1FB2D3814730072F7B3 /* Build configuration list for PBXProject "MovParty" */;
			compatibilityVersion = "Xcode 14.0";
			developmentRegion = en;
			hasScannedForEncodings = 0;
			knownRegions = (
				en,
				Base,
			);
			mainGroup = 1A6FA1F72D3814730072F7B3;
			productRefGroup = 1A6FA2012D3814730072F7B3 /* Products */;
			projectDirPath = "";
			projectRoot = "";
			targets = (
				1A6FA1FF2D3814730072F7B3 /* MovParty */,
				1A6FA2152D3814770072F7B3 /* MovPartyTests */,
				1A6FA21F2D3814770072F7B3 /* MovPartyUITests */,
			);
		};
/* End PBXProject section */

/* Begin PBXResourcesBuildPhase section */
		1A6FA1FE2D3814730072F7B3 /* Resources */ = {
			isa = PBXResourcesBuildPhase;
			buildActionMask = 2147483647;
			files = (
				1A6FA2102D3814760072F7B3 /* LaunchScreen.storyboard in Resources */,
				1A6FA20D2D3814760072F7B3 /* Assets.xcassets in Resources */,
			);
			runOnlyForDeploymentPostprocessing = 0;
		};
		1A6FA2142D3814770072F7B3 /* Resources */ = {
			isa = PBXResourcesBuildPhase;
			buildActionMask = 2147483647;
			files = (
			);
			runOnlyForDeploymentPostprocessing = 0;
		};
		1A6FA21E2D3814770072F7B3 /* Resources */ = {
			isa = PBXResourcesBuildPhase;
			buildActionMask = 2147483647;
			files = (
			);
			runOnlyForDeploymentPostprocessing = 0;
		};
/* End PBXResourcesBuildPhase section */

/* Begin PBXSourcesBuildPhase section */
		1A6FA1FC2D3814730072F7B3 /* Sources */ = {
			isa = PBXSourcesBuildPhase;
			buildActionMask = 2147483647;
			files = (
				1A6FA2082D3814730072F7B3 /* ViewController.swift in Sources */,
				1A6FA2472D3837490072F7B3 /* HomeViewModel.swift in Sources */,
				1A6FA23D2D3834BC0072F7B3 /* RequestEncoding.swift in Sources */,
				1A6FA2042D3814730072F7B3 /* AppDelegate.swift in Sources */,
				1A6FA2422D3836180072F7B3 /* MPError.swift in Sources */,
				1A6FA2452D38373E0072F7B3 /* HomeService.swift in Sources */,
				1A6FA23F2D3834D70072F7B3 /* RequestProtocol.swift in Sources */,
				1A6FA24D2D385EE10072F7B3 /* RequestBuilder.swift in Sources */,
				1A6FA24B2D385EC10072F7B3 /* RequestBuilderProtocol.swift in Sources */,
				1A6FA2392D3819D30072F7B3 /* Service.swift in Sources */,
				1A6FA2062D3814730072F7B3 /* SceneDelegate.swift in Sources */,
				1A6FA23B2D38349D0072F7B3 /* RequestMethod.swift in Sources */,
				1A6FA2372D38196A0072F7B3 /* ServiceProtocol.swift in Sources */,
				1A6FA2492D38376B0072F7B3 /* HomeViewController.swift in Sources */,
			);
			runOnlyForDeploymentPostprocessing = 0;
		};
		1A6FA2122D3814770072F7B3 /* Sources */ = {
			isa = PBXSourcesBuildPhase;
			buildActionMask = 2147483647;
			files = (
				1A6FA21B2D3814770072F7B3 /* MovPartyTests.swift in Sources */,
				1A6FA2562D3960E20072F7B3 /* JSONEncoderSpy.swift in Sources */,
				1A6FA2512D3869F70072F7B3 /* RequestBuilderTests.swift in Sources */,
			);
			runOnlyForDeploymentPostprocessing = 0;
		};
		1A6FA21C2D3814770072F7B3 /* Sources */ = {
			isa = PBXSourcesBuildPhase;
			buildActionMask = 2147483647;
			files = (
			);
			runOnlyForDeploymentPostprocessing = 0;
		};
/* End PBXSourcesBuildPhase section */

/* Begin PBXTargetDependency section */
		1A6FA2182D3814770072F7B3 /* PBXTargetDependency */ = {
			isa = PBXTargetDependency;
			target = 1A6FA1FF2D3814730072F7B3 /* MovParty */;
			targetProxy = 1A6FA2172D3814770072F7B3 /* PBXContainerItemProxy */;
		};
		1A6FA2222D3814770072F7B3 /* PBXTargetDependency */ = {
			isa = PBXTargetDependency;
			target = 1A6FA1FF2D3814730072F7B3 /* MovParty */;
			targetProxy = 1A6FA2212D3814770072F7B3 /* PBXContainerItemProxy */;
		};
/* End PBXTargetDependency section */

/* Begin PBXVariantGroup section */
		1A6FA20E2D3814760072F7B3 /* LaunchScreen.storyboard */ = {
			isa = PBXVariantGroup;
			children = (
				1A6FA20F2D3814760072F7B3 /* Base */,
			);
			name = LaunchScreen.storyboard;
			sourceTree = "<group>";
		};
/* End PBXVariantGroup section */

/* Begin XCBuildConfiguration section */
		1A6FA2282D3814770072F7B3 /* Debug */ = {
			isa = XCBuildConfiguration;
			buildSettings = {
				ALWAYS_SEARCH_USER_PATHS = NO;
				ASSETCATALOG_COMPILER_GENERATE_SWIFT_ASSET_SYMBOL_EXTENSIONS = YES;
				CLANG_ANALYZER_NONNULL = YES;
				CLANG_ANALYZER_NUMBER_OBJECT_CONVERSION = YES_AGGRESSIVE;
				CLANG_CXX_LANGUAGE_STANDARD = "gnu++20";
				CLANG_ENABLE_MODULES = YES;
				CLANG_ENABLE_OBJC_ARC = YES;
				CLANG_ENABLE_OBJC_WEAK = YES;
				CLANG_WARN_BLOCK_CAPTURE_AUTORELEASING = YES;
				CLANG_WARN_BOOL_CONVERSION = YES;
				CLANG_WARN_COMMA = YES;
				CLANG_WARN_CONSTANT_CONVERSION = YES;
				CLANG_WARN_DEPRECATED_OBJC_IMPLEMENTATIONS = YES;
				CLANG_WARN_DIRECT_OBJC_ISA_USAGE = YES_ERROR;
				CLANG_WARN_DOCUMENTATION_COMMENTS = YES;
				CLANG_WARN_EMPTY_BODY = YES;
				CLANG_WARN_ENUM_CONVERSION = YES;
				CLANG_WARN_INFINITE_RECURSION = YES;
				CLANG_WARN_INT_CONVERSION = YES;
				CLANG_WARN_NON_LITERAL_NULL_CONVERSION = YES;
				CLANG_WARN_OBJC_IMPLICIT_RETAIN_SELF = YES;
				CLANG_WARN_OBJC_LITERAL_CONVERSION = YES;
				CLANG_WARN_OBJC_ROOT_CLASS = YES_ERROR;
				CLANG_WARN_QUOTED_INCLUDE_IN_FRAMEWORK_HEADER = YES;
				CLANG_WARN_RANGE_LOOP_ANALYSIS = YES;
				CLANG_WARN_STRICT_PROTOTYPES = YES;
				CLANG_WARN_SUSPICIOUS_MOVE = YES;
				CLANG_WARN_UNGUARDED_AVAILABILITY = YES_AGGRESSIVE;
				CLANG_WARN_UNREACHABLE_CODE = YES;
				CLANG_WARN__DUPLICATE_METHOD_MATCH = YES;
				COPY_PHASE_STRIP = NO;
				DEBUG_INFORMATION_FORMAT = dwarf;
				ENABLE_STRICT_OBJC_MSGSEND = YES;
				ENABLE_TESTABILITY = YES;
				ENABLE_USER_SCRIPT_SANDBOXING = YES;
				GCC_C_LANGUAGE_STANDARD = gnu17;
				GCC_DYNAMIC_NO_PIC = NO;
				GCC_NO_COMMON_BLOCKS = YES;
				GCC_OPTIMIZATION_LEVEL = 0;
				GCC_PREPROCESSOR_DEFINITIONS = (
					"DEBUG=1",
					"$(inherited)",
				);
				GCC_WARN_64_TO_32_BIT_CONVERSION = YES;
				GCC_WARN_ABOUT_RETURN_TYPE = YES_ERROR;
				GCC_WARN_UNDECLARED_SELECTOR = YES;
				GCC_WARN_UNINITIALIZED_AUTOS = YES_AGGRESSIVE;
				GCC_WARN_UNUSED_FUNCTION = YES;
				GCC_WARN_UNUSED_VARIABLE = YES;
				IPHONEOS_DEPLOYMENT_TARGET = 17.2;
				LOCALIZATION_PREFERS_STRING_CATALOGS = YES;
				MTL_ENABLE_DEBUG_INFO = INCLUDE_SOURCE;
				MTL_FAST_MATH = YES;
				ONLY_ACTIVE_ARCH = YES;
				SDKROOT = iphoneos;
				SWIFT_ACTIVE_COMPILATION_CONDITIONS = "DEBUG $(inherited)";
				SWIFT_OPTIMIZATION_LEVEL = "-Onone";
			};
			name = Debug;
		};
		1A6FA2292D3814770072F7B3 /* Release */ = {
			isa = XCBuildConfiguration;
			buildSettings = {
				ALWAYS_SEARCH_USER_PATHS = NO;
				ASSETCATALOG_COMPILER_GENERATE_SWIFT_ASSET_SYMBOL_EXTENSIONS = YES;
				CLANG_ANALYZER_NONNULL = YES;
				CLANG_ANALYZER_NUMBER_OBJECT_CONVERSION = YES_AGGRESSIVE;
				CLANG_CXX_LANGUAGE_STANDARD = "gnu++20";
				CLANG_ENABLE_MODULES = YES;
				CLANG_ENABLE_OBJC_ARC = YES;
				CLANG_ENABLE_OBJC_WEAK = YES;
				CLANG_WARN_BLOCK_CAPTURE_AUTORELEASING = YES;
				CLANG_WARN_BOOL_CONVERSION = YES;
				CLANG_WARN_COMMA = YES;
				CLANG_WARN_CONSTANT_CONVERSION = YES;
				CLANG_WARN_DEPRECATED_OBJC_IMPLEMENTATIONS = YES;
				CLANG_WARN_DIRECT_OBJC_ISA_USAGE = YES_ERROR;
				CLANG_WARN_DOCUMENTATION_COMMENTS = YES;
				CLANG_WARN_EMPTY_BODY = YES;
				CLANG_WARN_ENUM_CONVERSION = YES;
				CLANG_WARN_INFINITE_RECURSION = YES;
				CLANG_WARN_INT_CONVERSION = YES;
				CLANG_WARN_NON_LITERAL_NULL_CONVERSION = YES;
				CLANG_WARN_OBJC_IMPLICIT_RETAIN_SELF = YES;
				CLANG_WARN_OBJC_LITERAL_CONVERSION = YES;
				CLANG_WARN_OBJC_ROOT_CLASS = YES_ERROR;
				CLANG_WARN_QUOTED_INCLUDE_IN_FRAMEWORK_HEADER = YES;
				CLANG_WARN_RANGE_LOOP_ANALYSIS = YES;
				CLANG_WARN_STRICT_PROTOTYPES = YES;
				CLANG_WARN_SUSPICIOUS_MOVE = YES;
				CLANG_WARN_UNGUARDED_AVAILABILITY = YES_AGGRESSIVE;
				CLANG_WARN_UNREACHABLE_CODE = YES;
				CLANG_WARN__DUPLICATE_METHOD_MATCH = YES;
				COPY_PHASE_STRIP = NO;
				DEBUG_INFORMATION_FORMAT = "dwarf-with-dsym";
				ENABLE_NS_ASSERTIONS = NO;
				ENABLE_STRICT_OBJC_MSGSEND = YES;
				ENABLE_USER_SCRIPT_SANDBOXING = YES;
				GCC_C_LANGUAGE_STANDARD = gnu17;
				GCC_NO_COMMON_BLOCKS = YES;
				GCC_WARN_64_TO_32_BIT_CONVERSION = YES;
				GCC_WARN_ABOUT_RETURN_TYPE = YES_ERROR;
				GCC_WARN_UNDECLARED_SELECTOR = YES;
				GCC_WARN_UNINITIALIZED_AUTOS = YES_AGGRESSIVE;
				GCC_WARN_UNUSED_FUNCTION = YES;
				GCC_WARN_UNUSED_VARIABLE = YES;
				IPHONEOS_DEPLOYMENT_TARGET = 17.2;
				LOCALIZATION_PREFERS_STRING_CATALOGS = YES;
				MTL_ENABLE_DEBUG_INFO = NO;
				MTL_FAST_MATH = YES;
				SDKROOT = iphoneos;
				SWIFT_COMPILATION_MODE = wholemodule;
				VALIDATE_PRODUCT = YES;
			};
			name = Release;
		};
		1A6FA22B2D3814770072F7B3 /* Debug */ = {
			isa = XCBuildConfiguration;
			buildSettings = {
				ASSETCATALOG_COMPILER_APPICON_NAME = AppIcon;
				ASSETCATALOG_COMPILER_GLOBAL_ACCENT_COLOR_NAME = AccentColor;
				CODE_SIGN_STYLE = Automatic;
				CURRENT_PROJECT_VERSION = 1;
				DEVELOPMENT_TEAM = H5762RAVC8;
				GENERATE_INFOPLIST_FILE = YES;
				INFOPLIST_FILE = MovParty/Setup/Info.plist;
				INFOPLIST_KEY_UIApplicationSupportsIndirectInputEvents = YES;
				INFOPLIST_KEY_UILaunchStoryboardName = LaunchScreen;
				INFOPLIST_KEY_UISupportedInterfaceOrientations_iPad = "UIInterfaceOrientationPortrait UIInterfaceOrientationPortraitUpsideDown UIInterfaceOrientationLandscapeLeft UIInterfaceOrientationLandscapeRight";
				INFOPLIST_KEY_UISupportedInterfaceOrientations_iPhone = "UIInterfaceOrientationPortrait UIInterfaceOrientationLandscapeLeft UIInterfaceOrientationLandscapeRight";
				LD_RUNPATH_SEARCH_PATHS = (
					"$(inherited)",
					"@executable_path/Frameworks",
				);
				MARKETING_VERSION = 1.0;
				PRODUCT_BUNDLE_IDENTIFIER = allseeds.MovParty;
				PRODUCT_NAME = "$(TARGET_NAME)";
				SWIFT_EMIT_LOC_STRINGS = YES;
				SWIFT_VERSION = 5.0;
				TARGETED_DEVICE_FAMILY = "1,2";
			};
			name = Debug;
		};
		1A6FA22C2D3814770072F7B3 /* Release */ = {
			isa = XCBuildConfiguration;
			buildSettings = {
				ASSETCATALOG_COMPILER_APPICON_NAME = AppIcon;
				ASSETCATALOG_COMPILER_GLOBAL_ACCENT_COLOR_NAME = AccentColor;
				CODE_SIGN_STYLE = Automatic;
				CURRENT_PROJECT_VERSION = 1;
				DEVELOPMENT_TEAM = H5762RAVC8;
				GENERATE_INFOPLIST_FILE = YES;
				INFOPLIST_FILE = MovParty/Setup/Info.plist;
				INFOPLIST_KEY_UIApplicationSupportsIndirectInputEvents = YES;
				INFOPLIST_KEY_UILaunchStoryboardName = LaunchScreen;
				INFOPLIST_KEY_UISupportedInterfaceOrientations_iPad = "UIInterfaceOrientationPortrait UIInterfaceOrientationPortraitUpsideDown UIInterfaceOrientationLandscapeLeft UIInterfaceOrientationLandscapeRight";
				INFOPLIST_KEY_UISupportedInterfaceOrientations_iPhone = "UIInterfaceOrientationPortrait UIInterfaceOrientationLandscapeLeft UIInterfaceOrientationLandscapeRight";
				LD_RUNPATH_SEARCH_PATHS = (
					"$(inherited)",
					"@executable_path/Frameworks",
				);
				MARKETING_VERSION = 1.0;
				PRODUCT_BUNDLE_IDENTIFIER = allseeds.MovParty;
				PRODUCT_NAME = "$(TARGET_NAME)";
				SWIFT_EMIT_LOC_STRINGS = YES;
				SWIFT_VERSION = 5.0;
				TARGETED_DEVICE_FAMILY = "1,2";
			};
			name = Release;
		};
		1A6FA22E2D3814770072F7B3 /* Debug */ = {
			isa = XCBuildConfiguration;
			buildSettings = {
				ALWAYS_EMBED_SWIFT_STANDARD_LIBRARIES = YES;
				BUNDLE_LOADER = "$(TEST_HOST)";
				CODE_SIGN_STYLE = Automatic;
				CURRENT_PROJECT_VERSION = 1;
				DEVELOPMENT_TEAM = H5762RAVC8;
				GENERATE_INFOPLIST_FILE = YES;
				IPHONEOS_DEPLOYMENT_TARGET = 17.2;
				MARKETING_VERSION = 1.0;
				PRODUCT_BUNDLE_IDENTIFIER = allseeds.MovPartyTests;
				PRODUCT_NAME = "$(TARGET_NAME)";
				SWIFT_EMIT_LOC_STRINGS = NO;
				SWIFT_VERSION = 5.0;
				TARGETED_DEVICE_FAMILY = "1,2";
				TEST_HOST = "$(BUILT_PRODUCTS_DIR)/MovParty.app/$(BUNDLE_EXECUTABLE_FOLDER_PATH)/MovParty";
			};
			name = Debug;
		};
		1A6FA22F2D3814770072F7B3 /* Release */ = {
			isa = XCBuildConfiguration;
			buildSettings = {
				ALWAYS_EMBED_SWIFT_STANDARD_LIBRARIES = YES;
				BUNDLE_LOADER = "$(TEST_HOST)";
				CODE_SIGN_STYLE = Automatic;
				CURRENT_PROJECT_VERSION = 1;
				DEVELOPMENT_TEAM = H5762RAVC8;
				GENERATE_INFOPLIST_FILE = YES;
				IPHONEOS_DEPLOYMENT_TARGET = 17.2;
				MARKETING_VERSION = 1.0;
				PRODUCT_BUNDLE_IDENTIFIER = allseeds.MovPartyTests;
				PRODUCT_NAME = "$(TARGET_NAME)";
				SWIFT_EMIT_LOC_STRINGS = NO;
				SWIFT_VERSION = 5.0;
				TARGETED_DEVICE_FAMILY = "1,2";
				TEST_HOST = "$(BUILT_PRODUCTS_DIR)/MovParty.app/$(BUNDLE_EXECUTABLE_FOLDER_PATH)/MovParty";
			};
			name = Release;
		};
		1A6FA2312D3814770072F7B3 /* Debug */ = {
			isa = XCBuildConfiguration;
			buildSettings = {
				ALWAYS_EMBED_SWIFT_STANDARD_LIBRARIES = YES;
				CODE_SIGN_STYLE = Automatic;
				CURRENT_PROJECT_VERSION = 1;
				DEVELOPMENT_TEAM = H5762RAVC8;
				GENERATE_INFOPLIST_FILE = YES;
				MARKETING_VERSION = 1.0;
				PRODUCT_BUNDLE_IDENTIFIER = allseeds.MovPartyUITests;
				PRODUCT_NAME = "$(TARGET_NAME)";
				SWIFT_EMIT_LOC_STRINGS = NO;
				SWIFT_VERSION = 5.0;
				TARGETED_DEVICE_FAMILY = "1,2";
				TEST_TARGET_NAME = MovParty;
			};
			name = Debug;
		};
		1A6FA2322D3814770072F7B3 /* Release */ = {
			isa = XCBuildConfiguration;
			buildSettings = {
				ALWAYS_EMBED_SWIFT_STANDARD_LIBRARIES = YES;
				CODE_SIGN_STYLE = Automatic;
				CURRENT_PROJECT_VERSION = 1;
				DEVELOPMENT_TEAM = H5762RAVC8;
				GENERATE_INFOPLIST_FILE = YES;
				MARKETING_VERSION = 1.0;
				PRODUCT_BUNDLE_IDENTIFIER = allseeds.MovPartyUITests;
				PRODUCT_NAME = "$(TARGET_NAME)";
				SWIFT_EMIT_LOC_STRINGS = NO;
				SWIFT_VERSION = 5.0;
				TARGETED_DEVICE_FAMILY = "1,2";
				TEST_TARGET_NAME = MovParty;
			};
			name = Release;
		};
/* End XCBuildConfiguration section */

/* Begin XCConfigurationList section */
		1A6FA1FB2D3814730072F7B3 /* Build configuration list for PBXProject "MovParty" */ = {
			isa = XCConfigurationList;
			buildConfigurations = (
				1A6FA2282D3814770072F7B3 /* Debug */,
				1A6FA2292D3814770072F7B3 /* Release */,
			);
			defaultConfigurationIsVisible = 0;
			defaultConfigurationName = Release;
		};
		1A6FA22A2D3814770072F7B3 /* Build configuration list for PBXNativeTarget "MovParty" */ = {
			isa = XCConfigurationList;
			buildConfigurations = (
				1A6FA22B2D3814770072F7B3 /* Debug */,
				1A6FA22C2D3814770072F7B3 /* Release */,
			);
			defaultConfigurationIsVisible = 0;
			defaultConfigurationName = Release;
		};
		1A6FA22D2D3814770072F7B3 /* Build configuration list for PBXNativeTarget "MovPartyTests" */ = {
			isa = XCConfigurationList;
			buildConfigurations = (
				1A6FA22E2D3814770072F7B3 /* Debug */,
				1A6FA22F2D3814770072F7B3 /* Release */,
			);
			defaultConfigurationIsVisible = 0;
			defaultConfigurationName = Release;
		};
		1A6FA2302D3814770072F7B3 /* Build configuration list for PBXNativeTarget "MovPartyUITests" */ = {
			isa = XCConfigurationList;
			buildConfigurations = (
				1A6FA2312D3814770072F7B3 /* Debug */,
				1A6FA2322D3814770072F7B3 /* Release */,
			);
			defaultConfigurationIsVisible = 0;
			defaultConfigurationName = Release;
		};
/* End XCConfigurationList section */
	};
	rootObject = 1A6FA1F82D3814730072F7B3 /* Project object */;
}
